
Microsoft Visual Studio Solution File, Format Version 12.00
# Visual Studio 15
VisualStudioVersion = 15.0.27703.2000
MinimumVisualStudioVersion = 10.0.40219.1
Project("{9A19103F-16F7-4668-BE54-9A1E7A4F7556}") = "Swiipe.Core.Shopify", "Swiipe.Core.Shopify\Swiipe.Core.Shopify.csproj", "{A2C4ADCA-4BB5-499C-A2CF-3BAEB993D9CD}"
EndProject
Project("{FAE04EC0-301F-11D3-BF4B-00C04F79EFBC}") = "ShopifyTest", "ShopifyTest\ShopifyTest.csproj", "{36940525-3987-4F2D-BC6F-58186FD2549A}"
EndProject
Global
	GlobalSection(SolutionConfigurationPlatforms) = preSolution
		Debug|Any CPU = Debug|Any CPU
		Release|Any CPU = Release|Any CPU
	EndGlobalSection
	GlobalSection(ProjectConfigurationPlatforms) = postSolution
		{A2C4ADCA-4BB5-499C-A2CF-3BAEB993D9CD}.Debug|Any CPU.ActiveCfg = Debug|Any CPU
		{A2C4ADCA-4BB5-499C-A2CF-3BAEB993D9CD}.Debug|Any CPU.Build.0 = Debug|Any CPU
		{A2C4ADCA-4BB5-499C-A2CF-3BAEB993D9CD}.Release|Any CPU.ActiveCfg = Release|Any CPU
		{A2C4ADCA-4BB5-499C-A2CF-3BAEB993D9CD}.Release|Any CPU.Build.0 = Release|Any CPU
		{36940525-3987-4F2D-BC6F-58186FD2549A}.Debug|Any CPU.ActiveCfg = Debug|Any CPU
		{36940525-3987-4F2D-BC6F-58186FD2549A}.Debug|Any CPU.Build.0 = Debug|Any CPU
		{36940525-3987-4F2D-BC6F-58186FD2549A}.Release|Any CPU.ActiveCfg = Release|Any CPU
		{36940525-3987-4F2D-BC6F-58186FD2549A}.Release|Any CPU.Build.0 = Release|Any CPU
	EndGlobalSection
	GlobalSection(SolutionProperties) = preSolution
		HideSolutionNode = FALSE
	EndGlobalSection
	GlobalSection(ExtensibilityGlobals) = postSolution
		SolutionGuid = {E95ECC66-1D62-4FDB-AF63-E07EABC579B0}
	EndGlobalSection
EndGlobal
